// !$*UTF8*$!
{
	archiveVersion = 1;
	classes = {
	};
	objectVersion = 46;
	objects = {

/* Begin PBXBuildFile section */
		BA6E30D5A154F5713C372B94 /* MockURLSessionDataTask.swift in Sources */ = {isa = PBXBuildFile; fileRef = BA6E3A336F11C1BE6C33B89F /* MockURLSessionDataTask.swift */; };
		BA6E31F0EECEE9124A7480D0 /* Assets.xcassets in Resources */ = {isa = PBXBuildFile; fileRef = BA6E3102FC6754684451A148 /* Assets.xcassets */; };
		BA6E32087CA47EA73D2E44D7 /* ScheduleViewController.swift in Sources */ = {isa = PBXBuildFile; fileRef = BA6E38E8189643E91F859B29 /* ScheduleViewController.swift */; };
		BA6E324161941FD938ABBD5E /* MockLunchViewModel.swift in Sources */ = {isa = PBXBuildFile; fileRef = BA6E3A119A08D489E31A4EF7 /* MockLunchViewModel.swift */; };
		BA6E35F5E0DF51095B45C3B0 /* ScheduleListViewControllerTest.swift in Sources */ = {isa = PBXBuildFile; fileRef = BA6E3824DD609E2A6A85F897 /* ScheduleListViewControllerTest.swift */; };
		BA6E36DF230A0170F3BB6CE2 /* LunchAPITest.swift in Sources */ = {isa = PBXBuildFile; fileRef = BA6E3A669D634F2ED1DA3621 /* LunchAPITest.swift */; };
		BA6E36E069541681AA8C823B /* MockJSONDecoder.swift in Sources */ = {isa = PBXBuildFile; fileRef = BA6E38EFB1EFEECD048B8A1C /* MockJSONDecoder.swift */; };
		BA6E38091DB611857988501D /* LunchDecoder.swift in Sources */ = {isa = PBXBuildFile; fileRef = BA6E35D2AC005B88F86C9236 /* LunchDecoder.swift */; };
		BA6E386BA7DE1EC35F2C68B3 /* LaunchScreen.storyboard in Resources */ = {isa = PBXBuildFile; fileRef = BA6E35A5C7C4AF24BD4A7843 /* LaunchScreen.storyboard */; };
		BA6E399F48CF76E38B97A356 /* MockURLSession.swift in Sources */ = {isa = PBXBuildFile; fileRef = BA6E39586AF0C98C2D3187D4 /* MockURLSession.swift */; };
		BA6E3A87F7A8A7858D1A663A /* MainQueue.swift in Sources */ = {isa = PBXBuildFile; fileRef = BA6E3F35970F497FC2547622 /* MainQueue.swift */; };
		BA6E3B2BDA3E57F39F3B40B8 /* Localizable.strings in Resources */ = {isa = PBXBuildFile; fileRef = BA6E32D17EDCA176B5E415F7 /* Localizable.strings */; };
		BA6E3B693401819CD4744E95 /* LunchError.swift in Sources */ = {isa = PBXBuildFile; fileRef = BA6E3E78C9A8198839B79303 /* LunchError.swift */; };
		BA6E3BEF85DA8D5B3AEAC169 /* LunchURLSession.swift in Sources */ = {isa = PBXBuildFile; fileRef = BA6E3EE7B9C6A78333AD9E40 /* LunchURLSession.swift */; };
		BA6E3C94CF307B28135A7D1E /* LunchViewModelTest.swift in Sources */ = {isa = PBXBuildFile; fileRef = BA6E30C4F44D24391EC33D5B /* LunchViewModelTest.swift */; };
		BA6E3CA0462C0780A40C9BAC /* LunchViewModel.swift in Sources */ = {isa = PBXBuildFile; fileRef = BA6E38D6D936FADCA3C5F20B /* LunchViewModel.swift */; };
		BA6E3D4816EFA89D03E82B0F /* MockMainQueue.swift in Sources */ = {isa = PBXBuildFile; fileRef = BA6E3750448873373947390B /* MockMainQueue.swift */; };
		BA6E3DD5B2D0CA7D3A73A616 /* SceneDelegate.swift in Sources */ = {isa = PBXBuildFile; fileRef = BA6E3883A62F041E295F5C5E /* SceneDelegate.swift */; };
		BA6E3E85F99741F0DA3AFA40 /* AppDelegate.swift in Sources */ = {isa = PBXBuildFile; fileRef = BA6E399C90B982A1F52E8A9F /* AppDelegate.swift */; };
		BA6E3F00F6692326328E7609 /* Menu.swift in Sources */ = {isa = PBXBuildFile; fileRef = BA6E33FCE3CEE96828C25199 /* Menu.swift */; };
		BA6E3F784A6B26DA15A46599 /* LunchAPI.swift in Sources */ = {isa = PBXBuildFile; fileRef = BA6E3D388441FAC554291D6E /* LunchAPI.swift */; };
		BA6E3FF638248E420F71E8B8 /* MockLunchAPI.swift in Sources */ = {isa = PBXBuildFile; fileRef = BA6E3473294F2FB9DC205EC4 /* MockLunchAPI.swift */; };
/* End PBXBuildFile section */

/* Begin PBXContainerItemProxy section */
		BA6E3DFBB30D318B48064D58 /* PBXContainerItemProxy */ = {
			isa = PBXContainerItemProxy;
			containerPortal = BA6E3B78923A9EF24328F555 /* Project object */;
			proxyType = 1;
			remoteGlobalIDString = BA6E3415DD6DDCEED7BA04D7;
			remoteInfo = LunchTime;
		};
/* End PBXContainerItemProxy section */

/* Begin PBXFileReference section */
		6312FF222778C36A004325DE /* LunchTime.app */ = {isa = PBXFileReference; explicitFileType = wrapper.application; includeInIndex = 0; name = LunchTime.app; path = "/Users/jarvis/workspace/LunchTime/build/Debug-iphoneos/LunchTime.app"; sourceTree = "<absolute>"; };
		BA6E30C4F44D24391EC33D5B /* LunchViewModelTest.swift */ = {isa = PBXFileReference; fileEncoding = 4; lastKnownFileType = sourcecode.swift; path = LunchViewModelTest.swift; sourceTree = "<group>"; };
		BA6E3102FC6754684451A148 /* Assets.xcassets */ = {isa = PBXFileReference; lastKnownFileType = folder.assetcatalog; path = Assets.xcassets; sourceTree = "<group>"; };
		BA6E32D17EDCA176B5E415F7 /* Localizable.strings */ = {isa = PBXFileReference; fileEncoding = 4; lastKnownFileType = text.plist.strings; path = Localizable.strings; sourceTree = "<group>"; };
		BA6E33FCE3CEE96828C25199 /* Menu.swift */ = {isa = PBXFileReference; fileEncoding = 4; lastKnownFileType = sourcecode.swift; name = Menu.swift; path = Networking/Menu.swift; sourceTree = "<group>"; };
		BA6E3473294F2FB9DC205EC4 /* MockLunchAPI.swift */ = {isa = PBXFileReference; fileEncoding = 4; lastKnownFileType = sourcecode.swift; name = MockLunchAPI.swift; path = Mocks/MockLunchAPI.swift; sourceTree = "<group>"; };
		BA6E353055F2E8D9CC2BDF8B /* Info.plist */ = {isa = PBXFileReference; lastKnownFileType = text.plist.info; path = Info.plist; sourceTree = "<group>"; };
		BA6E35D2AC005B88F86C9236 /* LunchDecoder.swift */ = {isa = PBXFileReference; fileEncoding = 4; lastKnownFileType = sourcecode.swift; name = LunchDecoder.swift; path = Networking/LunchDecoder.swift; sourceTree = "<group>"; };
		BA6E3750448873373947390B /* MockMainQueue.swift */ = {isa = PBXFileReference; fileEncoding = 4; lastKnownFileType = sourcecode.swift; name = MockMainQueue.swift; path = Mocks/MockMainQueue.swift; sourceTree = "<group>"; };
		BA6E3824DD609E2A6A85F897 /* ScheduleListViewControllerTest.swift */ = {isa = PBXFileReference; lastKnownFileType = sourcecode.swift; path = ScheduleListViewControllerTest.swift; sourceTree = "<group>"; };
		BA6E3883A62F041E295F5C5E /* SceneDelegate.swift */ = {isa = PBXFileReference; lastKnownFileType = sourcecode.swift; path = SceneDelegate.swift; sourceTree = "<group>"; };
		BA6E38D6D936FADCA3C5F20B /* LunchViewModel.swift */ = {isa = PBXFileReference; fileEncoding = 4; lastKnownFileType = sourcecode.swift; path = LunchViewModel.swift; sourceTree = "<group>"; };
		BA6E38E8189643E91F859B29 /* ScheduleViewController.swift */ = {isa = PBXFileReference; lastKnownFileType = sourcecode.swift; path = ScheduleViewController.swift; sourceTree = "<group>"; };
		BA6E38EFB1EFEECD048B8A1C /* MockJSONDecoder.swift */ = {isa = PBXFileReference; fileEncoding = 4; lastKnownFileType = sourcecode.swift; name = MockJSONDecoder.swift; path = Mocks/MockJSONDecoder.swift; sourceTree = "<group>"; };
		BA6E3919425A48F8D0BB27E0 /* Base */ = {isa = PBXFileReference; lastKnownFileType = file.storyboard; name = Base; path = Base.lproj/LaunchScreen.storyboard; sourceTree = "<group>"; };
		BA6E39586AF0C98C2D3187D4 /* MockURLSession.swift */ = {isa = PBXFileReference; fileEncoding = 4; lastKnownFileType = sourcecode.swift; name = MockURLSession.swift; path = Mocks/MockURLSession.swift; sourceTree = "<group>"; };
		BA6E399C90B982A1F52E8A9F /* AppDelegate.swift */ = {isa = PBXFileReference; lastKnownFileType = sourcecode.swift; path = AppDelegate.swift; sourceTree = "<group>"; };
		BA6E3A119A08D489E31A4EF7 /* MockLunchViewModel.swift */ = {isa = PBXFileReference; fileEncoding = 4; lastKnownFileType = sourcecode.swift; name = MockLunchViewModel.swift; path = Mocks/MockLunchViewModel.swift; sourceTree = "<group>"; };
		BA6E3A336F11C1BE6C33B89F /* MockURLSessionDataTask.swift */ = {isa = PBXFileReference; fileEncoding = 4; lastKnownFileType = sourcecode.swift; name = MockURLSessionDataTask.swift; path = Mocks/MockURLSessionDataTask.swift; sourceTree = "<group>"; };
		BA6E3A669D634F2ED1DA3621 /* LunchAPITest.swift */ = {isa = PBXFileReference; fileEncoding = 4; lastKnownFileType = sourcecode.swift; name = LunchAPITest.swift; path = Networking/LunchAPITest.swift; sourceTree = "<group>"; };
		BA6E3C0FCBB9D9B23B88CE9C /* LunchTimeTests.xctest */ = {isa = PBXFileReference; explicitFileType = wrapper.cfbundle; includeInIndex = 0; name = LunchTimeTests.xctest; path = "/Users/jarvis/workspace/LunchTime/build/Debug-iphoneos/LunchTimeTests.xctest"; sourceTree = "<absolute>"; };
		BA6E3D388441FAC554291D6E /* LunchAPI.swift */ = {isa = PBXFileReference; fileEncoding = 4; lastKnownFileType = sourcecode.swift; name = LunchAPI.swift; path = Networking/LunchAPI.swift; sourceTree = "<group>"; };
		BA6E3E78C9A8198839B79303 /* LunchError.swift */ = {isa = PBXFileReference; fileEncoding = 4; lastKnownFileType = sourcecode.swift; name = LunchError.swift; path = Networking/LunchError.swift; sourceTree = "<group>"; };
		BA6E3EE7B9C6A78333AD9E40 /* LunchURLSession.swift */ = {isa = PBXFileReference; fileEncoding = 4; lastKnownFileType = sourcecode.swift; name = LunchURLSession.swift; path = Networking/LunchURLSession.swift; sourceTree = "<group>"; };
		BA6E3F35970F497FC2547622 /* MainQueue.swift */ = {isa = PBXFileReference; fileEncoding = 4; lastKnownFileType = sourcecode.swift; path = MainQueue.swift; sourceTree = "<group>"; };
/* End PBXFileReference section */

/* Begin PBXFrameworksBuildPhase section */
		BA6E3EC1AF623BCB2FBCC9B4 /* Frameworks */ = {
			isa = PBXFrameworksBuildPhase;
			buildActionMask = 2147483647;
			files = (
			);
			runOnlyForDeploymentPostprocessing = 0;
		};
		BA6E3EDCD0248650A79D75B9 /* Frameworks */ = {
			isa = PBXFrameworksBuildPhase;
			buildActionMask = 2147483647;
			files = (
			);
			runOnlyForDeploymentPostprocessing = 0;
		};
/* End PBXFrameworksBuildPhase section */

/* Begin PBXGroup section */
		BA6E362F0A3CA96D55DB799C = {
			isa = PBXGroup;
			children = (
				BA6E3B1F6E6C3EA3C8298457 /* LunchTime */,
				BA6E37A37D0222C394DB2DD6 /* LunchTimeTests */,
			);
			sourceTree = "<group>";
		};
		BA6E37A37D0222C394DB2DD6 /* LunchTimeTests */ = {
			isa = PBXGroup;
			children = (
				BA6E3824DD609E2A6A85F897 /* ScheduleListViewControllerTest.swift */,
				BA6E3A669D634F2ED1DA3621 /* LunchAPITest.swift */,
				BA6E39586AF0C98C2D3187D4 /* MockURLSession.swift */,
				BA6E3A336F11C1BE6C33B89F /* MockURLSessionDataTask.swift */,
				BA6E3750448873373947390B /* MockMainQueue.swift */,
				BA6E30C4F44D24391EC33D5B /* LunchViewModelTest.swift */,
				BA6E3A119A08D489E31A4EF7 /* MockLunchViewModel.swift */,
				BA6E3473294F2FB9DC205EC4 /* MockLunchAPI.swift */,
				BA6E38EFB1EFEECD048B8A1C /* MockJSONDecoder.swift */,
			);
			path = LunchTimeTests;
			sourceTree = "<group>";
		};
		BA6E3B1F6E6C3EA3C8298457 /* LunchTime */ = {
			isa = PBXGroup;
			children = (
				BA6E3102FC6754684451A148 /* Assets.xcassets */,
				BA6E399C90B982A1F52E8A9F /* AppDelegate.swift */,
				BA6E35A5C7C4AF24BD4A7843 /* LaunchScreen.storyboard */,
				BA6E353055F2E8D9CC2BDF8B /* Info.plist */,
				BA6E3883A62F041E295F5C5E /* SceneDelegate.swift */,
				BA6E38E8189643E91F859B29 /* ScheduleViewController.swift */,
				BA6E3D388441FAC554291D6E /* LunchAPI.swift */,
				BA6E3EE7B9C6A78333AD9E40 /* LunchURLSession.swift */,
				BA6E3F35970F497FC2547622 /* MainQueue.swift */,
				BA6E3E78C9A8198839B79303 /* LunchError.swift */,
				BA6E33FCE3CEE96828C25199 /* Menu.swift */,
				BA6E32D17EDCA176B5E415F7 /* Localizable.strings */,
				BA6E38D6D936FADCA3C5F20B /* LunchViewModel.swift */,
				BA6E35D2AC005B88F86C9236 /* LunchDecoder.swift */,
			);
			path = LunchTime;
			sourceTree = "<group>";
		};
/* End PBXGroup section */

/* Begin PBXNativeTarget section */
		BA6E3415DD6DDCEED7BA04D7 /* LunchTime */ = {
			isa = PBXNativeTarget;
			buildConfigurationList = BA6E3135BDD552360606A641 /* Build configuration list for PBXNativeTarget "LunchTime" */;
			buildPhases = (
				BA6E3F21CBD7CECC2B83193D /* Sources */,
				BA6E3EC1AF623BCB2FBCC9B4 /* Frameworks */,
				BA6E3039ADF7C8923030D748 /* Resources */,
			);
			buildRules = (
			);
			dependencies = (
			);
			name = LunchTime;
			productName = LunchTime;
			productReference = 6312FF222778C36A004325DE /* LunchTime.app */;
			productType = "com.apple.product-type.application";
		};
		BA6E3CAA7BF528A8719B363F /* LunchTimeTests */ = {
			isa = PBXNativeTarget;
			buildConfigurationList = BA6E3228504DAB1AFD212152 /* Build configuration list for PBXNativeTarget "LunchTimeTests" */;
			buildPhases = (
				BA6E3690524996562A1AD6C8 /* Sources */,
				BA6E3EDCD0248650A79D75B9 /* Frameworks */,
				BA6E347644611AA9D14955B5 /* Resources */,
			);
			buildRules = (
			);
			dependencies = (
				BA6E3DB3EDCD824F5221CAA4 /* PBXTargetDependency */,
			);
			name = LunchTimeTests;
			productName = LunchTimeTests;
			productReference = BA6E3C0FCBB9D9B23B88CE9C /* LunchTimeTests.xctest */;
			productType = "com.apple.product-type.bundle.unit-test";
		};
/* End PBXNativeTarget section */

/* Begin PBXProject section */
		BA6E3B78923A9EF24328F555 /* Project object */ = {
			isa = PBXProject;
			attributes = {
			};
			buildConfigurationList = BA6E359A9D0504CDC0B0CB72 /* Build configuration list for PBXProject "LunchTime" */;
			compatibilityVersion = "Xcode 3.2";
			developmentRegion = English;
			hasScannedForEncodings = 0;
			knownRegions = (
				English,
				en,
				Base,
			);
			mainGroup = BA6E362F0A3CA96D55DB799C;
			productRefGroup = BA6E362F0A3CA96D55DB799C;
			projectDirPath = "";
			projectRoot = "";
			targets = (
				BA6E3415DD6DDCEED7BA04D7 /* LunchTime */,
				BA6E3CAA7BF528A8719B363F /* LunchTimeTests */,
			);
		};
/* End PBXProject section */

/* Begin PBXResourcesBuildPhase section */
		BA6E3039ADF7C8923030D748 /* Resources */ = {
			isa = PBXResourcesBuildPhase;
			buildActionMask = 2147483647;
			files = (
				BA6E31F0EECEE9124A7480D0 /* Assets.xcassets in Resources */,
				BA6E386BA7DE1EC35F2C68B3 /* LaunchScreen.storyboard in Resources */,
				BA6E3B2BDA3E57F39F3B40B8 /* Localizable.strings in Resources */,
			);
			runOnlyForDeploymentPostprocessing = 0;
		};
		BA6E347644611AA9D14955B5 /* Resources */ = {
			isa = PBXResourcesBuildPhase;
			buildActionMask = 2147483647;
			files = (
			);
			runOnlyForDeploymentPostprocessing = 0;
		};
/* End PBXResourcesBuildPhase section */

/* Begin PBXSourcesBuildPhase section */
		BA6E3690524996562A1AD6C8 /* Sources */ = {
			isa = PBXSourcesBuildPhase;
			buildActionMask = 2147483647;
			files = (
				BA6E35F5E0DF51095B45C3B0 /* ScheduleListViewControllerTest.swift in Sources */,
				BA6E36DF230A0170F3BB6CE2 /* LunchAPITest.swift in Sources */,
				BA6E399F48CF76E38B97A356 /* MockURLSession.swift in Sources */,
				BA6E30D5A154F5713C372B94 /* MockURLSessionDataTask.swift in Sources */,
				BA6E3D4816EFA89D03E82B0F /* MockMainQueue.swift in Sources */,
				BA6E3C94CF307B28135A7D1E /* LunchViewModelTest.swift in Sources */,
				BA6E324161941FD938ABBD5E /* MockLunchViewModel.swift in Sources */,
				BA6E3FF638248E420F71E8B8 /* MockLunchAPI.swift in Sources */,
				BA6E36E069541681AA8C823B /* MockJSONDecoder.swift in Sources */,
			);
			runOnlyForDeploymentPostprocessing = 0;
		};
		BA6E3F21CBD7CECC2B83193D /* Sources */ = {
			isa = PBXSourcesBuildPhase;
			buildActionMask = 2147483647;
			files = (
				BA6E3E85F99741F0DA3AFA40 /* AppDelegate.swift in Sources */,
				BA6E3DD5B2D0CA7D3A73A616 /* SceneDelegate.swift in Sources */,
				BA6E32087CA47EA73D2E44D7 /* ScheduleViewController.swift in Sources */,
				BA6E3F784A6B26DA15A46599 /* LunchAPI.swift in Sources */,
				BA6E3BEF85DA8D5B3AEAC169 /* LunchURLSession.swift in Sources */,
				BA6E3A87F7A8A7858D1A663A /* MainQueue.swift in Sources */,
				BA6E3B693401819CD4744E95 /* LunchError.swift in Sources */,
				BA6E3F00F6692326328E7609 /* Menu.swift in Sources */,
				BA6E3CA0462C0780A40C9BAC /* LunchViewModel.swift in Sources */,
				BA6E38091DB611857988501D /* LunchDecoder.swift in Sources */,
			);
			runOnlyForDeploymentPostprocessing = 0;
		};
/* End PBXSourcesBuildPhase section */

/* Begin PBXTargetDependency section */
		BA6E3DB3EDCD824F5221CAA4 /* PBXTargetDependency */ = {
			isa = PBXTargetDependency;
			target = BA6E3415DD6DDCEED7BA04D7 /* LunchTime */;
			targetProxy = BA6E3DFBB30D318B48064D58 /* PBXContainerItemProxy */;
		};
/* End PBXTargetDependency section */

/* Begin PBXVariantGroup section */
		BA6E35A5C7C4AF24BD4A7843 /* LaunchScreen.storyboard */ = {
			isa = PBXVariantGroup;
			children = (
				BA6E3919425A48F8D0BB27E0 /* Base */,
			);
			name = LaunchScreen.storyboard;
			sourceTree = "<group>";
		};
/* End PBXVariantGroup section */

/* Begin XCBuildConfiguration section */
		BA6E3073201C637C44984C0D /* Release */ = {
			isa = XCBuildConfiguration;
			buildSettings = {
				ASSETCATALOG_COMPILER_APPICON_NAME = AppIcon;
				ASSETCATALOG_COMPILER_GLOBAL_ACCENT_COLOR_NAME = AccentColor;
				CURRENT_PROJECT_VERSION = 1;
				GENERATE_INFOPLIST_FILE = YES;
				INFOPLIST_FILE = LunchTime/Info.plist;
				INFOPLIST_KEY_UIApplicationSupportsIndirectInputEvents = YES;
				INFOPLIST_KEY_UILaunchStoryboardName = LaunchScreen;
				INFOPLIST_KEY_UISupportedInterfaceOrientations = UIInterfaceOrientationPortrait;
				INFOPLIST_KEY_UISupportedInterfaceOrientations_iPad = "UIInterfaceOrientationPortrait UIInterfaceOrientationPortraitUpsideDown UIInterfaceOrientationLandscapeLeft UIInterfaceOrientationLandscapeRight";
				INFOPLIST_KEY_UISupportedInterfaceOrientations_iPhone = "UIInterfaceOrientationPortrait UIInterfaceOrientationLandscapeLeft UIInterfaceOrientationLandscapeRight";
				LD_RUNPATH_SEARCH_PATHS = "$(inherited) @executable_path/Frameworks";
				MARKETING_VERSION = 1.0;
				PRODUCT_BUNDLE_IDENTIFIER = gusto.LunchTime;
				PRODUCT_NAME = "$(TARGET_NAME)";
				SWIFT_EMIT_LOC_STRINGS = YES;
				SWIFT_VERSION = 5.0;
				TARGETED_DEVICE_FAMILY = 1;
			};
			name = Release;
		};
		BA6E32E89CE25CBF3B001419 /* Debug */ = {
			isa = XCBuildConfiguration;
			buildSettings = {
				ALWAYS_SEARCH_USER_PATHS = NO;
				CLANG_ANALYZER_NONNULL = YES;
				CLANG_ANALYZER_NUMBER_OBJECT_CONVERSION = YES_AGGRESSIVE;
				CLANG_CXX_LANGUAGE_STANDARD = "gnu++17";
				CLANG_CXX_LIBRARY = "libc++";
				CLANG_ENABLE_MODULES = YES;
				CLANG_ENABLE_OBJC_ARC = YES;
				CLANG_ENABLE_OBJC_WEAK = YES;
				CLANG_WARN_BLOCK_CAPTURE_AUTORELEASING = YES;
				CLANG_WARN_BOOL_CONVERSION = YES;
				CLANG_WARN_COMMA = YES;
				CLANG_WARN_CONSTANT_CONVERSION = YES;
				CLANG_WARN_DEPRECATED_OBJC_IMPLEMENTATIONS = YES;
				CLANG_WARN_DIRECT_OBJC_ISA_USAGE = YES_ERROR;
				CLANG_WARN_DOCUMENTATION_COMMENTS = YES;
				CLANG_WARN_EMPTY_BODY = YES;
				CLANG_WARN_ENUM_CONVERSION = YES;
				CLANG_WARN_INFINITE_RECURSION = YES;
				CLANG_WARN_INT_CONVERSION = YES;
				CLANG_WARN_NON_LITERAL_NULL_CONVERSION = YES;
				CLANG_WARN_OBJC_IMPLICIT_RETAIN_SELF = YES;
				CLANG_WARN_OBJC_LITERAL_CONVERSION = YES;
				CLANG_WARN_OBJC_ROOT_CLASS = YES_ERROR;
				CLANG_WARN_QUOTED_INCLUDE_IN_FRAMEWORK_HEADER = YES;
				CLANG_WARN_RANGE_LOOP_ANALYSIS = YES;
				CLANG_WARN_STRICT_PROTOTYPES = YES;
				CLANG_WARN_SUSPICIOUS_MOVE = YES;
				CLANG_WARN_UNGUARDED_AVAILABILITY = YES_AGGRESSIVE;
				CLANG_WARN_UNREACHABLE_CODE = YES;
				CLANG_WARN__DUPLICATE_METHOD_MATCH = YES;
				COPY_PHASE_STRIP = NO;
				DEBUG_INFORMATION_FORMAT = dwarf;
				ENABLE_STRICT_OBJC_MSGSEND = YES;
				ENABLE_TESTABILITY = YES;
				GCC_C_LANGUAGE_STANDARD = gnu11;
				GCC_DYNAMIC_NO_PIC = NO;
				GCC_NO_COMMON_BLOCKS = YES;
				GCC_OPTIMIZATION_LEVEL = 0;
				GCC_PREPROCESSOR_DEFINITIONS = (
					"DEBUG=1",
					"$(inherited)",
				);
				GCC_WARN_64_TO_32_BIT_CONVERSION = YES;
				GCC_WARN_ABOUT_RETURN_TYPE = YES_ERROR;
				GCC_WARN_UNDECLARED_SELECTOR = YES;
				GCC_WARN_UNINITIALIZED_AUTOS = YES_AGGRESSIVE;
				GCC_WARN_UNUSED_FUNCTION = YES;
				GCC_WARN_UNUSED_VARIABLE = YES;
				IPHONEOS_DEPLOYMENT_TARGET = 15.0;
				MTL_ENABLE_DEBUG_INFO = INCLUDE_SOURCE;
				MTL_FAST_MATH = YES;
				ONLY_ACTIVE_ARCH = YES;
				SDKROOT = iphoneos;
				SWIFT_ACTIVE_COMPILATION_CONDITIONS = DEBUG;
				SWIFT_OPTIMIZATION_LEVEL = "-Onone";
			};
			name = Debug;
		};
		BA6E3709C368E7F745635A7D /* Debug */ = {
			isa = XCBuildConfiguration;
			buildSettings = {
				BUNDLE_LOADER = "$(BUILT_PRODUCTS_DIR)/LunchTime.app/LunchTime";
				CURRENT_PROJECT_VERSION = 1;
				GENERATE_INFOPLIST_FILE = YES;
				LD_RUNPATH_SEARCH_PATHS = "$(inherited) @executable_path/Frameworks @loader_path/Frameworks";
				MARKETING_VERSION = 1.0;
				PRODUCT_BUNDLE_IDENTIFIER = gusto.LunchTimeTests;
				PRODUCT_NAME = "$(TARGET_NAME)";
				SWIFT_EMIT_LOC_STRINGS = NO;
				SWIFT_VERSION = 5.0;
				TARGETED_DEVICE_FAMILY = "1,2";
				TEST_HOST = "$(BUNDLE_LOADER)";
			};
			name = Debug;
		};
		BA6E3B9BBC06B06074190C62 /* Release */ = {
			isa = XCBuildConfiguration;
			buildSettings = {
				ALWAYS_SEARCH_USER_PATHS = NO;
				CLANG_ANALYZER_NONNULL = YES;
				CLANG_ANALYZER_NUMBER_OBJECT_CONVERSION = YES_AGGRESSIVE;
				CLANG_CXX_LANGUAGE_STANDARD = "gnu++17";
				CLANG_CXX_LIBRARY = "libc++";
				CLANG_ENABLE_MODULES = YES;
				CLANG_ENABLE_OBJC_ARC = YES;
				CLANG_ENABLE_OBJC_WEAK = YES;
				CLANG_WARN_BLOCK_CAPTURE_AUTORELEASING = YES;
				CLANG_WARN_BOOL_CONVERSION = YES;
				CLANG_WARN_COMMA = YES;
				CLANG_WARN_CONSTANT_CONVERSION = YES;
				CLANG_WARN_DEPRECATED_OBJC_IMPLEMENTATIONS = YES;
				CLANG_WARN_DIRECT_OBJC_ISA_USAGE = YES_ERROR;
				CLANG_WARN_DOCUMENTATION_COMMENTS = YES;
				CLANG_WARN_EMPTY_BODY = YES;
				CLANG_WARN_ENUM_CONVERSION = YES;
				CLANG_WARN_INFINITE_RECURSION = YES;
				CLANG_WARN_INT_CONVERSION = YES;
				CLANG_WARN_NON_LITERAL_NULL_CONVERSION = YES;
				CLANG_WARN_OBJC_IMPLICIT_RETAIN_SELF = YES;
				CLANG_WARN_OBJC_LITERAL_CONVERSION = YES;
				CLANG_WARN_OBJC_ROOT_CLASS = YES_ERROR;
				CLANG_WARN_QUOTED_INCLUDE_IN_FRAMEWORK_HEADER = YES;
				CLANG_WARN_RANGE_LOOP_ANALYSIS = YES;
				CLANG_WARN_STRICT_PROTOTYPES = YES;
				CLANG_WARN_SUSPICIOUS_MOVE = YES;
				CLANG_WARN_UNGUARDED_AVAILABILITY = YES_AGGRESSIVE;
				CLANG_WARN_UNREACHABLE_CODE = YES;
				CLANG_WARN__DUPLICATE_METHOD_MATCH = YES;
				COPY_PHASE_STRIP = NO;
				DEBUG_INFORMATION_FORMAT = "dwarf-with-dsym";
				ENABLE_NS_ASSERTIONS = NO;
				ENABLE_STRICT_OBJC_MSGSEND = YES;
				GCC_C_LANGUAGE_STANDARD = gnu11;
				GCC_NO_COMMON_BLOCKS = YES;
				GCC_WARN_64_TO_32_BIT_CONVERSION = YES;
				GCC_WARN_ABOUT_RETURN_TYPE = YES_ERROR;
				GCC_WARN_UNDECLARED_SELECTOR = YES;
				GCC_WARN_UNINITIALIZED_AUTOS = YES_AGGRESSIVE;
				GCC_WARN_UNUSED_FUNCTION = YES;
				GCC_WARN_UNUSED_VARIABLE = YES;
				IPHONEOS_DEPLOYMENT_TARGET = 15.0;
				MTL_ENABLE_DEBUG_INFO = NO;
				MTL_FAST_MATH = YES;
				SDKROOT = iphoneos;
				SWIFT_OPTIMIZATION_LEVEL = "-Owholemodule";
				VALIDATE_PRODUCT = YES;
			};
			name = Release;
		};
		BA6E3C139A7AF5A23BCA3573 /* Release */ = {
			isa = XCBuildConfiguration;
			buildSettings = {
				BUNDLE_LOADER = "$(BUILT_PRODUCTS_DIR)/LunchTime.app/LunchTime";
				CURRENT_PROJECT_VERSION = 1;
				GENERATE_INFOPLIST_FILE = YES;
				LD_RUNPATH_SEARCH_PATHS = "$(inherited) @executable_path/Frameworks @loader_path/Frameworks";
				MARKETING_VERSION = 1.0;
				PRODUCT_BUNDLE_IDENTIFIER = gusto.LunchTimeTests;
				PRODUCT_NAME = "$(TARGET_NAME)";
				SWIFT_EMIT_LOC_STRINGS = NO;
				SWIFT_VERSION = 5.0;
				TARGETED_DEVICE_FAMILY = "1,2";
				TEST_HOST = "$(BUNDLE_LOADER)";
			};
			name = Release;
		};
		BA6E3F4B24519BF0AA29DB34 /* Debug */ = {
			isa = XCBuildConfiguration;
			buildSettings = {
				ASSETCATALOG_COMPILER_APPICON_NAME = AppIcon;
				ASSETCATALOG_COMPILER_GLOBAL_ACCENT_COLOR_NAME = AccentColor;
				CURRENT_PROJECT_VERSION = 1;
				GENERATE_INFOPLIST_FILE = YES;
				INFOPLIST_FILE = LunchTime/Info.plist;
				INFOPLIST_KEY_UIApplicationSupportsIndirectInputEvents = YES;
				INFOPLIST_KEY_UILaunchStoryboardName = LaunchScreen;
				INFOPLIST_KEY_UISupportedInterfaceOrientations = UIInterfaceOrientationPortrait;
				INFOPLIST_KEY_UISupportedInterfaceOrientations_iPad = "UIInterfaceOrientationPortrait UIInterfaceOrientationPortraitUpsideDown UIInterfaceOrientationLandscapeLeft UIInterfaceOrientationLandscapeRight";
				INFOPLIST_KEY_UISupportedInterfaceOrientations_iPhone = "UIInterfaceOrientationPortrait UIInterfaceOrientationLandscapeLeft UIInterfaceOrientationLandscapeRight";
				LD_RUNPATH_SEARCH_PATHS = "$(inherited) @executable_path/Frameworks";
				MARKETING_VERSION = 1.0;
				PRODUCT_BUNDLE_IDENTIFIER = gusto.LunchTime;
				PRODUCT_NAME = "$(TARGET_NAME)";
				SWIFT_EMIT_LOC_STRINGS = YES;
				SWIFT_VERSION = 5.0;
				TARGETED_DEVICE_FAMILY = 1;
			};
			name = Debug;
		};
/* End XCBuildConfiguration section */

/* Begin XCConfigurationList section */
		BA6E3135BDD552360606A641 /* Build configuration list for PBXNativeTarget "LunchTime" */ = {
			isa = XCConfigurationList;
			buildConfigurations = (
				BA6E3F4B24519BF0AA29DB34 /* Debug */,
				BA6E3073201C637C44984C0D /* Release */,
			);
			defaultConfigurationIsVisible = 0;
			defaultConfigurationName = Release;
		};
		BA6E3228504DAB1AFD212152 /* Build configuration list for PBXNativeTarget "LunchTimeTests" */ = {
			isa = XCConfigurationList;
			buildConfigurations = (
				BA6E3709C368E7F745635A7D /* Debug */,
				BA6E3C139A7AF5A23BCA3573 /* Release */,
			);
			defaultConfigurationIsVisible = 0;
			defaultConfigurationName = Release;
		};
		BA6E359A9D0504CDC0B0CB72 /* Build configuration list for PBXProject "LunchTime" */ = {
			isa = XCConfigurationList;
			buildConfigurations = (
				BA6E32E89CE25CBF3B001419 /* Debug */,
				BA6E3B9BBC06B06074190C62 /* Release */,
			);
			defaultConfigurationIsVisible = 0;
			defaultConfigurationName = Release;
		};
/* End XCConfigurationList section */
	};
	rootObject = BA6E3B78923A9EF24328F555 /* Project object */;
}
